dependencies:
- name: memcached
  repository: https://charts.bitnami.com/bitnami
  version: 6.2.5
- name: mariadb
  repository: https://charts.bitnami.com/bitnami
  version: 11.3.3
- name: common
  repository: https://charts.bitnami.com/bitnami
  version: 2.0.3
digest: sha256:05cf41121ff576789ea8caec2326a0dc1c7faeca15b05f5d770485458f17bfe1
generated: "2022-10-07T16:56:38.526549-04:00"
